{
  "name": "wiki",
  "lockfileVersion": 3,
  "requires": true,
  "packages": {
    "": {
      "dependencies": {
        "echarts": "^5.5.0",
        "ngx-echarts": "^17.2.0"
      },
      "devDependencies": {
        "@types/echarts": "^4.9.22"
      }
    },
    "node_modules/@types/echarts": {
      "version": "4.9.22",
      "resolved": "https://registry.npmjs.org/@types/echarts/-/echarts-4.9.22.tgz",
      "integrity": "sha512-7Fo6XdWpoi8jxkwP7BARUOM7riq8bMhmsCtSG8gzUcJmFhLo387tihoBYS/y5j7jl3PENT5RxeWZdN9RiwO7HQ==",
      "dev": true,
      "dependencies": {
        "@types/zrender": "*"
      }
    },
    "node_modules/@types/zrender": {
      "version": "4.0.6",
      "resolved": "https://registry.npmjs.org/@types/zrender/-/zrender-4.0.6.tgz",
      "integrity": "sha512-1jZ9bJn2BsfmYFPBHtl5o3uV+ILejAtGrDcYSpT4qaVKEI/0YY+arw3XHU04Ebd8Nca3SQ7uNcLaqiL+tTFVMg==",
      "dev": true
    },
    "node_modules/echarts": {
      "version": "5.5.0",
      "resolved": "https://registry.npmjs.org/echarts/-/echarts-5.5.0.tgz",
      "integrity": "sha512-rNYnNCzqDAPCr4m/fqyUFv7fD9qIsd50S6GDFgO1DxZhncCsNsG7IfUlAlvZe5oSEQxtsjnHiUuppzccry93Xw==",
      "dependencies": {
        "tslib": "2.3.0",
        "zrender": "5.5.0"
      }
    },
    "node_modules/ngx-echarts": {
      "version": "17.2.0",
      "resolved": "https://registry.npmjs.org/ngx-echarts/-/ngx-echarts-17.2.0.tgz",
      "integrity": "sha512-i3XDE9d53zmJH4bp8RQ/271oPlhBkczO1M3VtWk8nCXdxQq9qx8UckjWEQ7oV1AbSDLGK5sRiFu5EaY5hvdWPA==",
      "dependencies": {
        "tslib": "^2.3.0"
      },
      "peerDependencies": {
        "echarts": ">=5.0.0"
      }
    },
    "node_modules/tslib": {
      "version": "2.3.0",
      "resolved": "https://registry.npmjs.org/tslib/-/tslib-2.3.0.tgz",
      "integrity": "sha512-N82ooyxVNm6h1riLCoyS9e3fuJ3AMG2zIZs2Gd1ATcSFjSA23Q0fzjjZeh0jbJvWVDZ0cJT8yaNNaaXHzueNjg=="
    },
    "node_modules/zrender": {
      "version": "5.5.0",
      "resolved": "https://registry.npmjs.org/zrender/-/zrender-5.5.0.tgz",
      "integrity": "sha512-O3MilSi/9mwoovx77m6ROZM7sXShR/O/JIanvzTwjN3FORfLSr81PsUGd7jlaYOeds9d8tw82oP44+3YucVo+w==",
      "dependencies": {
        "tslib": "2.3.0"
      }
    }
  }
}
